// !$*UTF8*$!
{
	archiveVersion = 1;
	classes = {
	};
	objectVersion = 50;
	objects = {

/* Begin PBXBuildFile section */
		854C800224C5307900435059 /* AppDelegate.swift in Sources */ = {isa = PBXBuildFile; fileRef = 854C800124C5307900435059 /* AppDelegate.swift */; };
		854C800424C5307900435059 /* SceneDelegate.swift in Sources */ = {isa = PBXBuildFile; fileRef = 854C800324C5307900435059 /* SceneDelegate.swift */; };
		854C800624C5307900435059 /* ViewController.swift in Sources */ = {isa = PBXBuildFile; fileRef = 854C800524C5307900435059 /* ViewController.swift */; };
		854C800924C5307900435059 /* Main.storyboard in Resources */ = {isa = PBXBuildFile; fileRef = 854C800724C5307900435059 /* Main.storyboard */; };
		854C800B24C5307B00435059 /* Assets.xcassets in Resources */ = {isa = PBXBuildFile; fileRef = 854C800A24C5307B00435059 /* Assets.xcassets */; };
		854C800E24C5307B00435059 /* LaunchScreen.storyboard in Resources */ = {isa = PBXBuildFile; fileRef = 854C800C24C5307B00435059 /* LaunchScreen.storyboard */; };
		854C801624C60A5500435059 /* SettingsViewController.swift in Sources */ = {isa = PBXBuildFile; fileRef = 854C801524C60A5500435059 /* SettingsViewController.swift */; };
/* End PBXBuildFile section */

/* Begin PBXFileReference section */
		854C7FFE24C5307900435059 /* TIPPY.1.app */ = {isa = PBXFileReference; explicitFileType = wrapper.application; includeInIndex = 0; path = TIPPY.1.app; sourceTree = BUILT_PRODUCTS_DIR; };
		854C800124C5307900435059 /* AppDelegate.swift */ = {isa = PBXFileReference; lastKnownFileType = sourcecode.swift; path = AppDelegate.swift; sourceTree = "<group>"; };
		854C800324C5307900435059 /* SceneDelegate.swift */ = {isa = PBXFileReference; lastKnownFileType = sourcecode.swift; path = SceneDelegate.swift; sourceTree = "<group>"; };
		854C800524C5307900435059 /* ViewController.swift */ = {isa = PBXFileReference; lastKnownFileType = sourcecode.swift; path = ViewController.swift; sourceTree = "<group>"; };
		854C800824C5307900435059 /* Base */ = {isa = PBXFileReference; lastKnownFileType = file.storyboard; name = Base; path = Base.lproj/Main.storyboard; sourceTree = "<group>"; };
		854C800A24C5307B00435059 /* Assets.xcassets */ = {isa = PBXFileReference; lastKnownFileType = folder.assetcatalog; path = Assets.xcassets; sourceTree = "<group>"; };
		854C800D24C5307B00435059 /* Base */ = {isa = PBXFileReference; lastKnownFileType = file.storyboard; name = Base; path = Base.lproj/LaunchScreen.storyboard; sourceTree = "<group>"; };
		854C800F24C5307B00435059 /* Info.plist */ = {isa = PBXFileReference; lastKnownFileType = text.plist.xml; path = Info.plist; sourceTree = "<group>"; };
		854C801524C60A5500435059 /* SettingsViewController.swift */ = {isa = PBXFileReference; lastKnownFileType = sourcecode.swift; path = SettingsViewController.swift; sourceTree = "<group>"; };
		854C805624D1038700435059 /* README.md */ = {isa = PBXFileReference; lastKnownFileType = net.daringfireball.markdown; path = README.md; sourceTree = "<group>"; };
/* End PBXFileReference section */

/* Begin PBXFrameworksBuildPhase section */
		854C7FFB24C5307900435059 /* Frameworks */ = {
			isa = PBXFrameworksBuildPhase;
			buildActionMask = 2147483647;
			files = (
			);
			runOnlyForDeploymentPostprocessing = 0;
		};
/* End PBXFrameworksBuildPhase section */

/* Begin PBXGroup section */
		854C7FF524C5307900435059 = {
			isa = PBXGroup;
			children = (
				854C805624D1038700435059 /* README.md */,
				854C800024C5307900435059 /* TIPPY */,
				854C7FFF24C5307900435059 /* Products */,
			);
			sourceTree = "<group>";
		};
		854C7FFF24C5307900435059 /* Products */ = {
			isa = PBXGroup;
			children = (
				854C7FFE24C5307900435059 /* TIPPY.1.app */,
			);
			name = Products;
			sourceTree = "<group>";
		};
		854C800024C5307900435059 /* TIPPY */ = {
			isa = PBXGroup;
			children = (
				854C800124C5307900435059 /* AppDelegate.swift */,
				854C800324C5307900435059 /* SceneDelegate.swift */,
				854C800524C5307900435059 /* ViewController.swift */,
				854C800724C5307900435059 /* Main.storyboard */,
				854C801524C60A5500435059 /* SettingsViewController.swift */,
				854C800A24C5307B00435059 /* Assets.xcassets */,
				854C800C24C5307B00435059 /* LaunchScreen.storyboard */,
				854C800F24C5307B00435059 /* Info.plist */,
			);
			path = TIPPY;
			sourceTree = "<group>";
		};
/* End PBXGroup section */

/* Begin PBXNativeTarget section */
		854C7FFD24C5307900435059 /* TIPPY */ = {
			isa = PBXNativeTarget;
			buildConfigurationList = 854C801224C5307B00435059 /* Build configuration list for PBXNativeTarget "TIPPY" */;
			buildPhases = (
				854C7FFA24C5307900435059 /* Sources */,
				854C7FFB24C5307900435059 /* Frameworks */,
				854C7FFC24C5307900435059 /* Resources */,
			);
			buildRules = (
			);
			dependencies = (
			);
			name = TIPPY;
			productName = TIPPY;
			productReference = 854C7FFE24C5307900435059 /* TIPPY.1.app */;
			productType = "com.apple.product-type.application";
		};
/* End PBXNativeTarget section */

/* Begin PBXProject section */
		854C7FF624C5307900435059 /* Project object */ = {
			isa = PBXProject;
			attributes = {
				LastSwiftUpdateCheck = 1160;
				LastUpgradeCheck = 1160;
				ORGANIZATIONNAME = "Anirudh Ravi";
				TargetAttributes = {
					854C7FFD24C5307900435059 = {
						CreatedOnToolsVersion = 11.6;
					};
				};
			};
			buildConfigurationList = 854C7FF924C5307900435059 /* Build configuration list for PBXProject "TIPPY" */;
			compatibilityVersion = "Xcode 9.3";
			developmentRegion = en;
			hasScannedForEncodings = 0;
			knownRegions = (
				en,
				Base,
			);
			mainGroup = 854C7FF524C5307900435059;
			productRefGroup = 854C7FFF24C5307900435059 /* Products */;
			projectDirPath = "";
			projectRoot = "";
			targets = (
				854C7FFD24C5307900435059 /* TIPPY */,
			);
		};
/* End PBXProject section */

/* Begin PBXResourcesBuildPhase section */
		854C7FFC24C5307900435059 /* Resources */ = {
			isa = PBXResourcesBuildPhase;
			buildActionMask = 2147483647;
			files = (
				854C800E24C5307B00435059 /* LaunchScreen.storyboard in Resources */,
				854C800B24C5307B00435059 /* Assets.xcassets in Resources */,
				854C800924C5307900435059 /* Main.storyboard in Resources */,
			);
			runOnlyForDeploymentPostprocessing = 0;
		};
/* End PBXResourcesBuildPhase section */

/* Begin PBXSourcesBuildPhase section */
		854C7FFA24C5307900435059 /* Sources */ = {
			isa = PBXSourcesBuildPhase;
			buildActionMask = 2147483647;
			files = (
				854C800624C5307900435059 /* ViewController.swift in Sources */,
				854C800224C5307900435059 /* AppDelegate.swift in Sources */,
				854C800424C5307900435059 /* SceneDelegate.swift in Sources */,
				854C801624C60A5500435059 /* SettingsViewController.swift in Sources */,
			);
			runOnlyForDeploymentPostprocessing = 0;
		};
/* End PBXSourcesBuildPhase section */

/* Begin PBXVariantGroup section */
		854C800724C5307900435059 /* Main.storyboard */ = {
			isa = PBXVariantGroup;
			children = (
				854C800824C5307900435059 /* Base */,
			);
			name = Main.storyboard;
			sourceTree = "<group>";
		};
		854C800C24C5307B00435059 /* LaunchScreen.storyboard */ = {
			isa = PBXVariantGroup;
			children = (
				854C800D24C5307B00435059 /* Base */,
			);
			name = LaunchScreen.storyboard;
			sourceTree = "<group>";
		};
/* End PBXVariantGroup section */

/* Begin XCBuildConfiguration section */
		854C801024C5307B00435059 /* Debug */ = {
			isa = XCBuildConfiguration;
			buildSettings = {
				ALWAYS_SEARCH_USER_PATHS = NO;
				CLANG_ANALYZER_NONNULL = YES;
				CLANG_ANALYZER_NUMBER_OBJECT_CONVERSION = YES_AGGRESSIVE;
				CLANG_CXX_LANGUAGE_STANDARD = "gnu++14";
				CLANG_CXX_LIBRARY = "libc++";
				CLANG_ENABLE_MODULES = YES;
				CLANG_ENABLE_OBJC_ARC = YES;
				CLANG_ENABLE_OBJC_WEAK = YES;
				CLANG_WARN_BLOCK_CAPTURE_AUTORELEASING = YES;
				CLANG_WARN_BOOL_CONVERSION = YES;
				CLANG_WARN_COMMA = YES;
				CLANG_WARN_CONSTANT_CONVERSION = YES;
				CLANG_WARN_DEPRECATED_OBJC_IMPLEMENTATIONS = YES;
				CLANG_WARN_DIRECT_OBJC_ISA_USAGE = YES_ERROR;
				CLANG_WARN_DOCUMENTATION_COMMENTS = YES;
				CLANG_WARN_EMPTY_BODY = YES;
				CLANG_WARN_ENUM_CONVERSION = YES;
				CLANG_WARN_INFINITE_RECURSION = YES;
				CLANG_WARN_INT_CONVERSION = YES;
				CLANG_WARN_NON_LITERAL_NULL_CONVERSION = YES;
				CLANG_WARN_OBJC_IMPLICIT_RETAIN_SELF = YES;
				CLANG_WARN_OBJC_LITERAL_CONVERSION = YES;
				CLANG_WARN_OBJC_ROOT_CLASS = YES_ERROR;
				CLANG_WARN_RANGE_LOOP_ANALYSIS = YES;
				CLANG_WARN_STRICT_PROTOTYPES = YES;
				CLANG_WARN_SUSPICIOUS_MOVE = YES;
				CLANG_WARN_UNGUARDED_AVAILABILITY = YES_AGGRESSIVE;
				CLANG_WARN_UNREACHABLE_CODE = YES;
				CLANG_WARN__DUPLICATE_METHOD_MATCH = YES;
				COPY_PHASE_STRIP = NO;
				DEBUG_INFORMATION_FORMAT = dwarf;
				ENABLE_STRICT_OBJC_MSGSEND = YES;
				ENABLE_TESTABILITY = YES;
				GCC_C_LANGUAGE_STANDARD = gnu11;
				GCC_DYNAMIC_NO_PIC = NO;
				GCC_NO_COMMON_BLOCKS = YES;
				GCC_OPTIMIZATION_LEVEL = 0;
				GCC_PREPROCESSOR_DEFINITIONS = (
					"DEBUG=1",
					"$(inherited)",
				);
				GCC_WARN_64_TO_32_BIT_CONVERSION = YES;
				GCC_WARN_ABOUT_RETURN_TYPE = YES_ERROR;
				GCC_WARN_UNDECLARED_SELECTOR = YES;
				GCC_WARN_UNINITIALIZED_AUTOS = YES_AGGRESSIVE;
				GCC_WARN_UNUSED_FUNCTION = YES;
				GCC_WARN_UNUSED_VARIABLE = YES;
				IPHONEOS_DEPLOYMENT_TARGET = 13.0;
				MTL_ENABLE_DEBUG_INFO = INCLUDE_SOURCE;
				MTL_FAST_MATH = YES;
				ONLY_ACTIVE_ARCH = YES;
				SDKROOT = iphoneos;
				SWIFT_ACTIVE_COMPILATION_CONDITIONS = DEBUG;
				SWIFT_OPTIMIZATION_LEVEL = "-Onone";
			};
			name = Debug;
		};
		854C801124C5307B00435059 /* Release */ = {
			isa = XCBuildConfiguration;
			buildSettings = {
				ALWAYS_SEARCH_USER_PATHS = NO;
				CLANG_ANALYZER_NONNULL = YES;
				CLANG_ANALYZER_NUMBER_OBJECT_CONVERSION = YES_AGGRESSIVE;
				CLANG_CXX_LANGUAGE_STANDARD = "gnu++14";
				CLANG_CXX_LIBRARY = "libc++";
				CLANG_ENABLE_MODULES = YES;
				CLANG_ENABLE_OBJC_ARC = YES;
				CLANG_ENABLE_OBJC_WEAK = YES;
				CLANG_WARN_BLOCK_CAPTURE_AUTORELEASING = YES;
				CLANG_WARN_BOOL_CONVERSION = YES;
				CLANG_WARN_COMMA = YES;
				CLANG_WARN_CONSTANT_CONVERSION = YES;
				CLANG_WARN_DEPRECATED_OBJC_IMPLEMENTATIONS = YES;
				CLANG_WARN_DIRECT_OBJC_ISA_USAGE = YES_ERROR;
				CLANG_WARN_DOCUMENTATION_COMMENTS = YES;
				CLANG_WARN_EMPTY_BODY = YES;
				CLANG_WARN_ENUM_CONVERSION = YES;
				CLANG_WARN_INFINITE_RECURSION = YES;
				CLANG_WARN_INT_CONVERSION = YES;
				CLANG_WARN_NON_LITERAL_NULL_CONVERSION = YES;
				CLANG_WARN_OBJC_IMPLICIT_RETAIN_SELF = YES;
				CLANG_WARN_OBJC_LITERAL_CONVERSION = YES;
				CLANG_WARN_OBJC_ROOT_CLASS = YES_ERROR;
				CLANG_WARN_RANGE_LOOP_ANALYSIS = YES;
				CLANG_WARN_STRICT_PROTOTYPES = YES;
				CLANG_WARN_SUSPICIOUS_MOVE = YES;
				CLANG_WARN_UNGUARDED_AVAILABILITY = YES_AGGRESSIVE;
				CLANG_WARN_UNREACHABLE_CODE = YES;
				CLANG_WARN__DUPLICATE_METHOD_MATCH = YES;
				COPY_PHASE_STRIP = NO;
				DEBUG_INFORMATION_FORMAT = "dwarf-with-dsym";
				ENABLE_NS_ASSERTIONS = NO;
				ENABLE_STRICT_OBJC_MSGSEND = YES;
				GCC_C_LANGUAGE_STANDARD = gnu11;
				GCC_NO_COMMON_BLOCKS = YES;
				GCC_WARN_64_TO_32_BIT_CONVERSION = YES;
				GCC_WARN_ABOUT_RETURN_TYPE = YES_ERROR;
				GCC_WARN_UNDECLARED_SELECTOR = YES;
				GCC_WARN_UNINITIALIZED_AUTOS = YES_AGGRESSIVE;
				GCC_WARN_UNUSED_FUNCTION = YES;
				GCC_WARN_UNUSED_VARIABLE = YES;
				IPHONEOS_DEPLOYMENT_TARGET = 13.0;
				MTL_ENABLE_DEBUG_INFO = NO;
				MTL_FAST_MATH = YES;
				SDKROOT = iphoneos;
				SWIFT_COMPILATION_MODE = wholemodule;
				SWIFT_OPTIMIZATION_LEVEL = "-O";
				VALIDATE_PRODUCT = YES;
			};
			name = Release;
		};
		854C801324C5307B00435059 /* Debug */ = {
			isa = XCBuildConfiguration;
			buildSettings = {
				ASSETCATALOG_COMPILER_APPICON_NAME = AppIcon;
				CODE_SIGN_STYLE = Automatic;
				DEVELOPMENT_TEAM = XHF5Z2YD6Y;
				INFOPLIST_FILE = TIPPY/Info.plist;
				LD_RUNPATH_SEARCH_PATHS = (
					"$(inherited)",
					"@executable_path/Frameworks",
				);
				PRODUCT_BUNDLE_IDENTIFIER = com.CodePath.TIPPY1468;
				PRODUCT_NAME = TIPPY.1;
				SWIFT_VERSION = 5.0;
				TARGETED_DEVICE_FAMILY = "1,2";
			};
			name = Debug;
		};
		854C801424C5307B00435059 /* Release */ = {
			isa = XCBuildConfiguration;
			buildSettings = {
				ASSETCATALOG_COMPILER_APPICON_NAME = AppIcon;
				CODE_SIGN_STYLE = Automatic;
				DEVELOPMENT_TEAM = XHF5Z2YD6Y;
				INFOPLIST_FILE = TIPPY/Info.plist;
				LD_RUNPATH_SEARCH_PATHS = (
					"$(inherited)",
					"@executable_path/Frameworks",
				);
				PRODUCT_BUNDLE_IDENTIFIER = com.CodePath.TIPPY1468;
				PRODUCT_NAME = TIPPY.1;
				SWIFT_VERSION = 5.0;
				TARGETED_DEVICE_FAMILY = "1,2";
			};
			name = Release;
		};
/* End XCBuildConfiguration section */

/* Begin XCConfigurationList section */
		854C7FF924C5307900435059 /* Build configuration list for PBXProject "TIPPY" */ = {
			isa = XCConfigurationList;
			buildConfigurations = (
				854C801024C5307B00435059 /* Debug */,
				854C801124C5307B00435059 /* Release */,
			);
			defaultConfigurationIsVisible = 0;
			defaultConfigurationName = Release;
		};
		854C801224C5307B00435059 /* Build configuration list for PBXNativeTarget "TIPPY" */ = {
			isa = XCConfigurationList;
			buildConfigurations = (
				854C801324C5307B00435059 /* Debug */,
				854C801424C5307B00435059 /* Release */,
			);
			defaultConfigurationIsVisible = 0;
			defaultConfigurationName = Release;
		};
/* End XCConfigurationList section */
	};
	rootObject = 854C7FF624C5307900435059 /* Project object */;
}
